
Microsoft Visual Studio Solution File, Format Version 12.00
# Visual Studio Version 17
VisualStudioVersion = 17.9.34622.214
MinimumVisualStudioVersion = 10.0.40219.1
Project("{8BC9CEB8-8B4A-11D0-8D11-00A0C91BC942}") = "192_D_UCPalgoritma", "192_D_UCPalgoritma\192_D_UCPalgoritma.vcxproj", "{2318189F-CA22-4FB2-8F3E-7A0D79B4F6CB}"
EndProject
Global
	GlobalSection(SolutionConfigurationPlatforms) = preSolution
		Debug|x64 = Debug|x64
		Debug|x86 = Debug|x86
		Release|x64 = Release|x64
		Release|x86 = Release|x86
	EndGlobalSection
	GlobalSection(ProjectConfigurationPlatforms) = postSolution
		{2318189F-CA22-4FB2-8F3E-7A0D79B4F6CB}.Debug|x64.ActiveCfg = Debug|x64
		{2318189F-CA22-4FB2-8F3E-7A0D79B4F6CB}.Debug|x64.Build.0 = Debug|x64
		{2318189F-CA22-4FB2-8F3E-7A0D79B4F6CB}.Debug|x86.ActiveCfg = Debug|Win32
		{2318189F-CA22-4FB2-8F3E-7A0D79B4F6CB}.Debug|x86.Build.0 = Debug|Win32
		{2318189F-CA22-4FB2-8F3E-7A0D79B4F6CB}.Release|x64.ActiveCfg = Release|x64
		{2318189F-CA22-4FB2-8F3E-7A0D79B4F6CB}.Release|x64.Build.0 = Release|x64
		{2318189F-CA22-4FB2-8F3E-7A0D79B4F6CB}.Release|x86.ActiveCfg = Release|Win32
		{2318189F-CA22-4FB2-8F3E-7A0D79B4F6CB}.Release|x86.Build.0 = Release|Win32
	EndGlobalSection
	GlobalSection(SolutionProperties) = preSolution
		HideSolutionNode = FALSE
	EndGlobalSection
	GlobalSection(ExtensibilityGlobals) = postSolution
		SolutionGuid = {17B7D797-DDC6-4C41-BF42-A96605D51714}
	EndGlobalSection
EndGlobal
